
Microsoft Visual Studio Solution File, Format Version 12.00
# Visual Studio Version 16
VisualStudioVersion = 16.0.808.6
MinimumVisualStudioVersion = 10.0.40219.1
Project("{FAE04EC0-301F-11D3-BF4B-00C04F79EFBC}") = "petmanagement", "petmanagement.csproj", "{7E9698EE-8BF9-4C8C-B54C-A10384BB815B}"
EndProject
Global
	GlobalSection(SolutionConfigurationPlatforms) = preSolution
		Debug|Any CPU = Debug|Any CPU
		Release|Any CPU = Release|Any CPU
	EndGlobalSection
	GlobalSection(ProjectConfigurationPlatforms) = postSolution
		{7E9698EE-8BF9-4C8C-B54C-A10384BB815B}.Debug|Any CPU.ActiveCfg = Debug|Any CPU
		{7E9698EE-8BF9-4C8C-B54C-A10384BB815B}.Debug|Any CPU.Build.0 = Debug|Any CPU
		{7E9698EE-8BF9-4C8C-B54C-A10384BB815B}.Release|Any CPU.ActiveCfg = Release|Any CPU
		{7E9698EE-8BF9-4C8C-B54C-A10384BB815B}.Release|Any CPU.Build.0 = Release|Any CPU
	EndGlobalSection
	GlobalSection(SolutionProperties) = preSolution
		HideSolutionNode = FALSE
	EndGlobalSection
	GlobalSection(ExtensibilityGlobals) = postSolution
		SolutionGuid = {C2F292C8-7973-4F85-BB4D-1F1200CA1F3B}
	EndGlobalSection
EndGlobal
